// !$*UTF8*$!
{
	archiveVersion = 1;
	classes = {
	};
	objectVersion = 56;
	objects = {

/* Begin PBXBuildFile section */
		6A4B451E2B1FFBF40026E691 /* FlexApp.swift in Sources */ = {isa = PBXBuildFile; fileRef = 6A4B451D2B1FFBF40026E691 /* FlexApp.swift */; };
		6A4B45202B1FFBF40026E691 /* ContentView.swift in Sources */ = {isa = PBXBuildFile; fileRef = 6A4B451F2B1FFBF40026E691 /* ContentView.swift */; };
		6A4B45222B1FFBF40026E691 /* Item.swift in Sources */ = {isa = PBXBuildFile; fileRef = 6A4B45212B1FFBF40026E691 /* Item.swift */; };
		6A4B45242B1FFBF60026E691 /* Assets.xcassets in Resources */ = {isa = PBXBuildFile; fileRef = 6A4B45232B1FFBF60026E691 /* Assets.xcassets */; };
		6A4B45272B1FFBF60026E691 /* Preview Assets.xcassets in Resources */ = {isa = PBXBuildFile; fileRef = 6A4B45262B1FFBF60026E691 /* Preview Assets.xcassets */; };
		6A4B45312B1FFBF60026E691 /* FlexTests.swift in Sources */ = {isa = PBXBuildFile; fileRef = 6A4B45302B1FFBF60026E691 /* FlexTests.swift */; };
		6A4B453B2B1FFBF60026E691 /* FlexUITests.swift in Sources */ = {isa = PBXBuildFile; fileRef = 6A4B453A2B1FFBF60026E691 /* FlexUITests.swift */; };
		6A4B453D2B1FFBF60026E691 /* FlexUITestsLaunchTests.swift in Sources */ = {isa = PBXBuildFile; fileRef = 6A4B453C2B1FFBF60026E691 /* FlexUITestsLaunchTests.swift */; };
		6A4B45552B1FFE620026E691 /* DashboardView.swift in Sources */ = {isa = PBXBuildFile; fileRef = 6A4B45542B1FFE620026E691 /* DashboardView.swift */; };
		6A4B45572B1FFFDA0026E691 /* MainView.swift in Sources */ = {isa = PBXBuildFile; fileRef = 6A4B45562B1FFFDA0026E691 /* MainView.swift */; };
		6A4B45592B2000AE0026E691 /* HistoryView.swift in Sources */ = {isa = PBXBuildFile; fileRef = 6A4B45582B2000AE0026E691 /* HistoryView.swift */; };
		6A4B455B2B20013B0026E691 /* ToolbarView.swift in Sources */ = {isa = PBXBuildFile; fileRef = 6A4B455A2B20013B0026E691 /* ToolbarView.swift */; };
		6A4B45612B2012470026E691 /* ExercisesView.swift in Sources */ = {isa = PBXBuildFile; fileRef = 6A4B45602B2012470026E691 /* ExercisesView.swift */; };
		6A4B45632B2012850026E691 /* MoreView.swift in Sources */ = {isa = PBXBuildFile; fileRef = 6A4B45622B2012850026E691 /* MoreView.swift */; };
		6ADC1BC62B211637008486B0 /* SearchBarView.swift in Sources */ = {isa = PBXBuildFile; fileRef = 6ADC1BC52B211637008486B0 /* SearchBarView.swift */; };
		6ADC1BCA2B213145008486B0 /* MovementPattern.swift in Sources */ = {isa = PBXBuildFile; fileRef = 6ADC1BC92B213145008486B0 /* MovementPattern.swift */; };
		6ADC1C282B22683C008486B0 /* MovementPatternContainer.swift in Sources */ = {isa = PBXBuildFile; fileRef = 6ADC1C272B22683C008486B0 /* MovementPatternContainer.swift */; };
		6ADC1C2C2B22ABAB008486B0 /* ExerciseCardView.swift in Sources */ = {isa = PBXBuildFile; fileRef = 6ADC1C2B2B22ABAB008486B0 /* ExerciseCardView.swift */; };
		6ADC1C2E2B23861A008486B0 /* ExerciseListView.swift in Sources */ = {isa = PBXBuildFile; fileRef = 6ADC1C2D2B23861A008486B0 /* ExerciseListView.swift */; };
		6ADC1C302B23A3B6008486B0 /* ExerciseInfo.swift in Sources */ = {isa = PBXBuildFile; fileRef = 6ADC1C2F2B23A3B6008486B0 /* ExerciseInfo.swift */; };
		6ADC1C322B23A6E3008486B0 /* GroupedExercises.swift in Sources */ = {isa = PBXBuildFile; fileRef = 6ADC1C312B23A6E3008486B0 /* GroupedExercises.swift */; };
/* End PBXBuildFile section */

/* Begin PBXContainerItemProxy section */
		6A4B452D2B1FFBF60026E691 /* PBXContainerItemProxy */ = {
			isa = PBXContainerItemProxy;
			containerPortal = 6A4B45122B1FFBF40026E691 /* Project object */;
			proxyType = 1;
			remoteGlobalIDString = 6A4B45192B1FFBF40026E691;
			remoteInfo = Flex;
		};
		6A4B45372B1FFBF60026E691 /* PBXContainerItemProxy */ = {
			isa = PBXContainerItemProxy;
			containerPortal = 6A4B45122B1FFBF40026E691 /* Project object */;
			proxyType = 1;
			remoteGlobalIDString = 6A4B45192B1FFBF40026E691;
			remoteInfo = Flex;
		};
/* End PBXContainerItemProxy section */

/* Begin PBXFileReference section */
		6A4B451A2B1FFBF40026E691 /* Flex.app */ = {isa = PBXFileReference; explicitFileType = wrapper.application; includeInIndex = 0; path = Flex.app; sourceTree = BUILT_PRODUCTS_DIR; };
		6A4B451D2B1FFBF40026E691 /* FlexApp.swift */ = {isa = PBXFileReference; lastKnownFileType = sourcecode.swift; path = FlexApp.swift; sourceTree = "<group>"; };
		6A4B451F2B1FFBF40026E691 /* ContentView.swift */ = {isa = PBXFileReference; lastKnownFileType = sourcecode.swift; path = ContentView.swift; sourceTree = "<group>"; };
		6A4B45212B1FFBF40026E691 /* Item.swift */ = {isa = PBXFileReference; lastKnownFileType = sourcecode.swift; path = Item.swift; sourceTree = "<group>"; };
		6A4B45232B1FFBF60026E691 /* Assets.xcassets */ = {isa = PBXFileReference; lastKnownFileType = folder.assetcatalog; path = Assets.xcassets; sourceTree = "<group>"; };
		6A4B45262B1FFBF60026E691 /* Preview Assets.xcassets */ = {isa = PBXFileReference; lastKnownFileType = folder.assetcatalog; path = "Preview Assets.xcassets"; sourceTree = "<group>"; };
		6A4B452C2B1FFBF60026E691 /* FlexTests.xctest */ = {isa = PBXFileReference; explicitFileType = wrapper.cfbundle; includeInIndex = 0; path = FlexTests.xctest; sourceTree = BUILT_PRODUCTS_DIR; };
		6A4B45302B1FFBF60026E691 /* FlexTests.swift */ = {isa = PBXFileReference; lastKnownFileType = sourcecode.swift; path = FlexTests.swift; sourceTree = "<group>"; };
		6A4B45362B1FFBF60026E691 /* FlexUITests.xctest */ = {isa = PBXFileReference; explicitFileType = wrapper.cfbundle; includeInIndex = 0; path = FlexUITests.xctest; sourceTree = BUILT_PRODUCTS_DIR; };
		6A4B453A2B1FFBF60026E691 /* FlexUITests.swift */ = {isa = PBXFileReference; lastKnownFileType = sourcecode.swift; path = FlexUITests.swift; sourceTree = "<group>"; };
		6A4B453C2B1FFBF60026E691 /* FlexUITestsLaunchTests.swift */ = {isa = PBXFileReference; lastKnownFileType = sourcecode.swift; path = FlexUITestsLaunchTests.swift; sourceTree = "<group>"; };
		6A4B45542B1FFE620026E691 /* DashboardView.swift */ = {isa = PBXFileReference; lastKnownFileType = sourcecode.swift; path = DashboardView.swift; sourceTree = "<group>"; };
		6A4B45562B1FFFDA0026E691 /* MainView.swift */ = {isa = PBXFileReference; lastKnownFileType = sourcecode.swift; path = MainView.swift; sourceTree = "<group>"; };
		6A4B45582B2000AE0026E691 /* HistoryView.swift */ = {isa = PBXFileReference; lastKnownFileType = sourcecode.swift; path = HistoryView.swift; sourceTree = "<group>"; };
		6A4B455A2B20013B0026E691 /* ToolbarView.swift */ = {isa = PBXFileReference; lastKnownFileType = sourcecode.swift; path = ToolbarView.swift; sourceTree = "<group>"; };
		6A4B45602B2012470026E691 /* ExercisesView.swift */ = {isa = PBXFileReference; lastKnownFileType = sourcecode.swift; path = ExercisesView.swift; sourceTree = "<group>"; };
		6A4B45622B2012850026E691 /* MoreView.swift */ = {isa = PBXFileReference; lastKnownFileType = sourcecode.swift; path = MoreView.swift; sourceTree = "<group>"; };
		6ADC1BC52B211637008486B0 /* SearchBarView.swift */ = {isa = PBXFileReference; lastKnownFileType = sourcecode.swift; path = SearchBarView.swift; sourceTree = "<group>"; };
		6ADC1BC92B213145008486B0 /* MovementPattern.swift */ = {isa = PBXFileReference; lastKnownFileType = sourcecode.swift; name = MovementPattern.swift; path = Flex/Core/Components/MovementPattern.swift; sourceTree = SOURCE_ROOT; };
		6ADC1C272B22683C008486B0 /* MovementPatternContainer.swift */ = {isa = PBXFileReference; lastKnownFileType = sourcecode.swift; path = MovementPatternContainer.swift; sourceTree = "<group>"; };
		6ADC1C2B2B22ABAB008486B0 /* ExerciseCardView.swift */ = {isa = PBXFileReference; lastKnownFileType = sourcecode.swift; path = ExerciseCardView.swift; sourceTree = "<group>"; };
		6ADC1C2D2B23861A008486B0 /* ExerciseListView.swift */ = {isa = PBXFileReference; lastKnownFileType = sourcecode.swift; path = ExerciseListView.swift; sourceTree = "<group>"; };
		6ADC1C2F2B23A3B6008486B0 /* ExerciseInfo.swift */ = {isa = PBXFileReference; lastKnownFileType = sourcecode.swift; name = ExerciseInfo.swift; path = Flex/Core/Exercise/ExerciseInfo.swift; sourceTree = SOURCE_ROOT; };
		6ADC1C312B23A6E3008486B0 /* GroupedExercises.swift */ = {isa = PBXFileReference; lastKnownFileType = sourcecode.swift; path = GroupedExercises.swift; sourceTree = "<group>"; };
/* End PBXFileReference section */

/* Begin PBXFrameworksBuildPhase section */
		6A4B45172B1FFBF40026E691 /* Frameworks */ = {
			isa = PBXFrameworksBuildPhase;
			buildActionMask = 2147483647;
			files = (
			);
			runOnlyForDeploymentPostprocessing = 0;
		};
		6A4B45292B1FFBF60026E691 /* Frameworks */ = {
			isa = PBXFrameworksBuildPhase;
			buildActionMask = 2147483647;
			files = (
			);
			runOnlyForDeploymentPostprocessing = 0;
		};
		6A4B45332B1FFBF60026E691 /* Frameworks */ = {
			isa = PBXFrameworksBuildPhase;
			buildActionMask = 2147483647;
			files = (
			);
			runOnlyForDeploymentPostprocessing = 0;
		};
/* End PBXFrameworksBuildPhase section */

/* Begin PBXGroup section */
		6A4B45112B1FFBF40026E691 = {
			isa = PBXGroup;
			children = (
				6A4B451C2B1FFBF40026E691 /* Flex */,
				6A4B452F2B1FFBF60026E691 /* FlexTests */,
				6A4B45392B1FFBF60026E691 /* FlexUITests */,
				6A4B451B2B1FFBF40026E691 /* Products */,
			);
			sourceTree = "<group>";
		};
		6A4B451B2B1FFBF40026E691 /* Products */ = {
			isa = PBXGroup;
			children = (
				6A4B451A2B1FFBF40026E691 /* Flex.app */,
				6A4B452C2B1FFBF60026E691 /* FlexTests.xctest */,
				6A4B45362B1FFBF60026E691 /* FlexUITests.xctest */,
			);
			name = Products;
			sourceTree = "<group>";
		};
		6A4B451C2B1FFBF40026E691 /* Flex */ = {
			isa = PBXGroup;
			children = (
				6A4B45492B1FFCB60026E691 /* App */,
				6A4B454B2B1FFCCB0026E691 /* Core */,
				6A4B454E2B1FFCDE0026E691 /* Exensions */,
				6A4B454A2B1FFCC50026E691 /* Lib */,
				6A4B454D2B1FFCD90026E691 /* Model */,
				6A4B454C2B1FFCD10026E691 /* Services */,
				6A4B451F2B1FFBF40026E691 /* ContentView.swift */,
				6A4B45212B1FFBF40026E691 /* Item.swift */,
				6A4B45232B1FFBF60026E691 /* Assets.xcassets */,
				6A4B45252B1FFBF60026E691 /* Preview Content */,
			);
			path = Flex;
			sourceTree = "<group>";
		};
		6A4B45252B1FFBF60026E691 /* Preview Content */ = {
			isa = PBXGroup;
			children = (
				6A4B45262B1FFBF60026E691 /* Preview Assets.xcassets */,
			);
			path = "Preview Content";
			sourceTree = "<group>";
		};
		6A4B452F2B1FFBF60026E691 /* FlexTests */ = {
			isa = PBXGroup;
			children = (
				6A4B45302B1FFBF60026E691 /* FlexTests.swift */,
			);
			path = FlexTests;
			sourceTree = "<group>";
		};
		6A4B45392B1FFBF60026E691 /* FlexUITests */ = {
			isa = PBXGroup;
			children = (
				6A4B453A2B1FFBF60026E691 /* FlexUITests.swift */,
				6A4B453C2B1FFBF60026E691 /* FlexUITestsLaunchTests.swift */,
			);
			path = FlexUITests;
			sourceTree = "<group>";
		};
		6A4B45492B1FFCB60026E691 /* App */ = {
			isa = PBXGroup;
			children = (
				6A4B451D2B1FFBF40026E691 /* FlexApp.swift */,
			);
			path = App;
			sourceTree = "<group>";
		};
		6A4B454A2B1FFCC50026E691 /* Lib */ = {
			isa = PBXGroup;
			children = (
			);
			path = Lib;
			sourceTree = "<group>";
		};
		6A4B454B2B1FFCCB0026E691 /* Core */ = {
			isa = PBXGroup;
			children = (
				6ADC1BC42B211146008486B0 /* Exercise */,
				6A4B454F2B1FFD160026E691 /* Components */,
				6A4B45542B1FFE620026E691 /* DashboardView.swift */,
				6A4B45582B2000AE0026E691 /* HistoryView.swift */,
				6A4B45562B1FFFDA0026E691 /* MainView.swift */,
				6A4B455A2B20013B0026E691 /* ToolbarView.swift */,
				6A4B45622B2012850026E691 /* MoreView.swift */,
			);
			path = Core;
			sourceTree = "<group>";
		};
		6A4B454C2B1FFCD10026E691 /* Services */ = {
			isa = PBXGroup;
			children = (
				6ADC1C272B22683C008486B0 /* MovementPatternContainer.swift */,
			);
			path = Services;
			sourceTree = "<group>";
		};
		6A4B454D2B1FFCD90026E691 /* Model */ = {
			isa = PBXGroup;
			children = (
				6ADC1BC92B213145008486B0 /* MovementPattern.swift */,
				6ADC1C2F2B23A3B6008486B0 /* ExerciseInfo.swift */,
			);
			path = Model;
			sourceTree = "<group>";
		};
		6A4B454E2B1FFCDE0026E691 /* Exensions */ = {
			isa = PBXGroup;
			children = (
			);
			path = Exensions;
			sourceTree = "<group>";
		};
		6A4B454F2B1FFD160026E691 /* Components */ = {
			isa = PBXGroup;
			children = (
				6ADC1BC52B211637008486B0 /* SearchBarView.swift */,
			);
			path = Components;
			sourceTree = "<group>";
		};
		6ADC1BC42B211146008486B0 /* Exercise */ = {
			isa = PBXGroup;
			children = (
				6A4B45602B2012470026E691 /* ExercisesView.swift */,
				6ADC1C2B2B22ABAB008486B0 /* ExerciseCardView.swift */,
				6ADC1C2D2B23861A008486B0 /* ExerciseListView.swift */,
				6ADC1C312B23A6E3008486B0 /* GroupedExercises.swift */,
			);
			path = Exercise;
			sourceTree = "<group>";
		};
/* End PBXGroup section */

/* Begin PBXNativeTarget section */
		6A4B45192B1FFBF40026E691 /* Flex */ = {
			isa = PBXNativeTarget;
			buildConfigurationList = 6A4B45402B1FFBF60026E691 /* Build configuration list for PBXNativeTarget "Flex" */;
			buildPhases = (
				6A4B45162B1FFBF40026E691 /* Sources */,
				6A4B45172B1FFBF40026E691 /* Frameworks */,
				6A4B45182B1FFBF40026E691 /* Resources */,
			);
			buildRules = (
			);
			dependencies = (
			);
			name = Flex;
			productName = Flex;
			productReference = 6A4B451A2B1FFBF40026E691 /* Flex.app */;
			productType = "com.apple.product-type.application";
		};
		6A4B452B2B1FFBF60026E691 /* FlexTests */ = {
			isa = PBXNativeTarget;
			buildConfigurationList = 6A4B45432B1FFBF60026E691 /* Build configuration list for PBXNativeTarget "FlexTests" */;
			buildPhases = (
				6A4B45282B1FFBF60026E691 /* Sources */,
				6A4B45292B1FFBF60026E691 /* Frameworks */,
				6A4B452A2B1FFBF60026E691 /* Resources */,
			);
			buildRules = (
			);
			dependencies = (
				6A4B452E2B1FFBF60026E691 /* PBXTargetDependency */,
			);
			name = FlexTests;
			productName = FlexTests;
			productReference = 6A4B452C2B1FFBF60026E691 /* FlexTests.xctest */;
			productType = "com.apple.product-type.bundle.unit-test";
		};
		6A4B45352B1FFBF60026E691 /* FlexUITests */ = {
			isa = PBXNativeTarget;
			buildConfigurationList = 6A4B45462B1FFBF60026E691 /* Build configuration list for PBXNativeTarget "FlexUITests" */;
			buildPhases = (
				6A4B45322B1FFBF60026E691 /* Sources */,
				6A4B45332B1FFBF60026E691 /* Frameworks */,
				6A4B45342B1FFBF60026E691 /* Resources */,
			);
			buildRules = (
			);
			dependencies = (
				6A4B45382B1FFBF60026E691 /* PBXTargetDependency */,
			);
			name = FlexUITests;
			productName = FlexUITests;
			productReference = 6A4B45362B1FFBF60026E691 /* FlexUITests.xctest */;
			productType = "com.apple.product-type.bundle.ui-testing";
		};
/* End PBXNativeTarget section */

/* Begin PBXProject section */
		6A4B45122B1FFBF40026E691 /* Project object */ = {
			isa = PBXProject;
			attributes = {
				BuildIndependentTargetsInParallel = 1;
				LastSwiftUpdateCheck = 1500;
				LastUpgradeCheck = 1500;
				TargetAttributes = {
					6A4B45192B1FFBF40026E691 = {
						CreatedOnToolsVersion = 15.0;
					};
					6A4B452B2B1FFBF60026E691 = {
						CreatedOnToolsVersion = 15.0;
						TestTargetID = 6A4B45192B1FFBF40026E691;
					};
					6A4B45352B1FFBF60026E691 = {
						CreatedOnToolsVersion = 15.0;
						TestTargetID = 6A4B45192B1FFBF40026E691;
					};
				};
			};
			buildConfigurationList = 6A4B45152B1FFBF40026E691 /* Build configuration list for PBXProject "Flex" */;
			compatibilityVersion = "Xcode 14.0";
			developmentRegion = en;
			hasScannedForEncodings = 0;
			knownRegions = (
				en,
				Base,
			);
			mainGroup = 6A4B45112B1FFBF40026E691;
			productRefGroup = 6A4B451B2B1FFBF40026E691 /* Products */;
			projectDirPath = "";
			projectRoot = "";
			targets = (
				6A4B45192B1FFBF40026E691 /* Flex */,
				6A4B452B2B1FFBF60026E691 /* FlexTests */,
				6A4B45352B1FFBF60026E691 /* FlexUITests */,
			);
		};
/* End PBXProject section */

/* Begin PBXResourcesBuildPhase section */
		6A4B45182B1FFBF40026E691 /* Resources */ = {
			isa = PBXResourcesBuildPhase;
			buildActionMask = 2147483647;
			files = (
				6A4B45272B1FFBF60026E691 /* Preview Assets.xcassets in Resources */,
				6A4B45242B1FFBF60026E691 /* Assets.xcassets in Resources */,
			);
			runOnlyForDeploymentPostprocessing = 0;
		};
		6A4B452A2B1FFBF60026E691 /* Resources */ = {
			isa = PBXResourcesBuildPhase;
			buildActionMask = 2147483647;
			files = (
			);
			runOnlyForDeploymentPostprocessing = 0;
		};
		6A4B45342B1FFBF60026E691 /* Resources */ = {
			isa = PBXResourcesBuildPhase;
			buildActionMask = 2147483647;
			files = (
			);
			runOnlyForDeploymentPostprocessing = 0;
		};
/* End PBXResourcesBuildPhase section */

/* Begin PBXSourcesBuildPhase section */
		6A4B45162B1FFBF40026E691 /* Sources */ = {
			isa = PBXSourcesBuildPhase;
			buildActionMask = 2147483647;
			files = (
				6ADC1BC62B211637008486B0 /* SearchBarView.swift in Sources */,
				6A4B45202B1FFBF40026E691 /* ContentView.swift in Sources */,
				6ADC1C322B23A6E3008486B0 /* GroupedExercises.swift in Sources */,
				6ADC1C2E2B23861A008486B0 /* ExerciseListView.swift in Sources */,
				6A4B45632B2012850026E691 /* MoreView.swift in Sources */,
				6A4B45592B2000AE0026E691 /* HistoryView.swift in Sources */,
				6ADC1C302B23A3B6008486B0 /* ExerciseInfo.swift in Sources */,
				6A4B45552B1FFE620026E691 /* DashboardView.swift in Sources */,
				6ADC1C282B22683C008486B0 /* MovementPatternContainer.swift in Sources */,
				6ADC1BCA2B213145008486B0 /* MovementPattern.swift in Sources */,
				6A4B45222B1FFBF40026E691 /* Item.swift in Sources */,
				6A4B45612B2012470026E691 /* ExercisesView.swift in Sources */,
				6ADC1C2C2B22ABAB008486B0 /* ExerciseCardView.swift in Sources */,
				6A4B45572B1FFFDA0026E691 /* MainView.swift in Sources */,
				6A4B451E2B1FFBF40026E691 /* FlexApp.swift in Sources */,
				6A4B455B2B20013B0026E691 /* ToolbarView.swift in Sources */,
			);
			runOnlyForDeploymentPostprocessing = 0;
		};
		6A4B45282B1FFBF60026E691 /* Sources */ = {
			isa = PBXSourcesBuildPhase;
			buildActionMask = 2147483647;
			files = (
				6A4B45312B1FFBF60026E691 /* FlexTests.swift in Sources */,
			);
			runOnlyForDeploymentPostprocessing = 0;
		};
		6A4B45322B1FFBF60026E691 /* Sources */ = {
			isa = PBXSourcesBuildPhase;
			buildActionMask = 2147483647;
			files = (
				6A4B453B2B1FFBF60026E691 /* FlexUITests.swift in Sources */,
				6A4B453D2B1FFBF60026E691 /* FlexUITestsLaunchTests.swift in Sources */,
			);
			runOnlyForDeploymentPostprocessing = 0;
		};
/* End PBXSourcesBuildPhase section */

/* Begin PBXTargetDependency section */
		6A4B452E2B1FFBF60026E691 /* PBXTargetDependency */ = {
			isa = PBXTargetDependency;
			target = 6A4B45192B1FFBF40026E691 /* Flex */;
			targetProxy = 6A4B452D2B1FFBF60026E691 /* PBXContainerItemProxy */;
		};
		6A4B45382B1FFBF60026E691 /* PBXTargetDependency */ = {
			isa = PBXTargetDependency;
			target = 6A4B45192B1FFBF40026E691 /* Flex */;
			targetProxy = 6A4B45372B1FFBF60026E691 /* PBXContainerItemProxy */;
		};
/* End PBXTargetDependency section */

/* Begin XCBuildConfiguration section */
		6A4B453E2B1FFBF60026E691 /* Debug */ = {
			isa = XCBuildConfiguration;
			buildSettings = {
				ALWAYS_SEARCH_USER_PATHS = NO;
				ASSETCATALOG_COMPILER_GENERATE_SWIFT_ASSET_SYMBOL_EXTENSIONS = YES;
				CLANG_ANALYZER_NONNULL = YES;
				CLANG_ANALYZER_NUMBER_OBJECT_CONVERSION = YES_AGGRESSIVE;
				CLANG_CXX_LANGUAGE_STANDARD = "gnu++20";
				CLANG_ENABLE_MODULES = YES;
				CLANG_ENABLE_OBJC_ARC = YES;
				CLANG_ENABLE_OBJC_WEAK = YES;
				CLANG_WARN_BLOCK_CAPTURE_AUTORELEASING = YES;
				CLANG_WARN_BOOL_CONVERSION = YES;
				CLANG_WARN_COMMA = YES;
				CLANG_WARN_CONSTANT_CONVERSION = YES;
				CLANG_WARN_DEPRECATED_OBJC_IMPLEMENTATIONS = YES;
				CLANG_WARN_DIRECT_OBJC_ISA_USAGE = YES_ERROR;
				CLANG_WARN_DOCUMENTATION_COMMENTS = YES;
				CLANG_WARN_EMPTY_BODY = YES;
				CLANG_WARN_ENUM_CONVERSION = YES;
				CLANG_WARN_INFINITE_RECURSION = YES;
				CLANG_WARN_INT_CONVERSION = YES;
				CLANG_WARN_NON_LITERAL_NULL_CONVERSION = YES;
				CLANG_WARN_OBJC_IMPLICIT_RETAIN_SELF = YES;
				CLANG_WARN_OBJC_LITERAL_CONVERSION = YES;
				CLANG_WARN_OBJC_ROOT_CLASS = YES_ERROR;
				CLANG_WARN_QUOTED_INCLUDE_IN_FRAMEWORK_HEADER = YES;
				CLANG_WARN_RANGE_LOOP_ANALYSIS = YES;
				CLANG_WARN_STRICT_PROTOTYPES = YES;
				CLANG_WARN_SUSPICIOUS_MOVE = YES;
				CLANG_WARN_UNGUARDED_AVAILABILITY = YES_AGGRESSIVE;
				CLANG_WARN_UNREACHABLE_CODE = YES;
				CLANG_WARN__DUPLICATE_METHOD_MATCH = YES;
				COPY_PHASE_STRIP = NO;
				DEBUG_INFORMATION_FORMAT = dwarf;
				ENABLE_STRICT_OBJC_MSGSEND = YES;
				ENABLE_TESTABILITY = YES;
				ENABLE_USER_SCRIPT_SANDBOXING = YES;
				GCC_C_LANGUAGE_STANDARD = gnu17;
				GCC_DYNAMIC_NO_PIC = NO;
				GCC_NO_COMMON_BLOCKS = YES;
				GCC_OPTIMIZATION_LEVEL = 0;
				GCC_PREPROCESSOR_DEFINITIONS = (
					"DEBUG=1",
					"$(inherited)",
				);
				GCC_WARN_64_TO_32_BIT_CONVERSION = YES;
				GCC_WARN_ABOUT_RETURN_TYPE = YES_ERROR;
				GCC_WARN_UNDECLARED_SELECTOR = YES;
				GCC_WARN_UNINITIALIZED_AUTOS = YES_AGGRESSIVE;
				GCC_WARN_UNUSED_FUNCTION = YES;
				GCC_WARN_UNUSED_VARIABLE = YES;
				IPHONEOS_DEPLOYMENT_TARGET = 17.0;
				LOCALIZATION_PREFERS_STRING_CATALOGS = YES;
				MTL_ENABLE_DEBUG_INFO = INCLUDE_SOURCE;
				MTL_FAST_MATH = YES;
				ONLY_ACTIVE_ARCH = YES;
				SDKROOT = iphoneos;
				SWIFT_ACTIVE_COMPILATION_CONDITIONS = "DEBUG $(inherited)";
				SWIFT_OPTIMIZATION_LEVEL = "-Onone";
			};
			name = Debug;
		};
		6A4B453F2B1FFBF60026E691 /* Release */ = {
			isa = XCBuildConfiguration;
			buildSettings = {
				ALWAYS_SEARCH_USER_PATHS = NO;
				ASSETCATALOG_COMPILER_GENERATE_SWIFT_ASSET_SYMBOL_EXTENSIONS = YES;
				CLANG_ANALYZER_NONNULL = YES;
				CLANG_ANALYZER_NUMBER_OBJECT_CONVERSION = YES_AGGRESSIVE;
				CLANG_CXX_LANGUAGE_STANDARD = "gnu++20";
				CLANG_ENABLE_MODULES = YES;
				CLANG_ENABLE_OBJC_ARC = YES;
				CLANG_ENABLE_OBJC_WEAK = YES;
				CLANG_WARN_BLOCK_CAPTURE_AUTORELEASING = YES;
				CLANG_WARN_BOOL_CONVERSION = YES;
				CLANG_WARN_COMMA = YES;
				CLANG_WARN_CONSTANT_CONVERSION = YES;
				CLANG_WARN_DEPRECATED_OBJC_IMPLEMENTATIONS = YES;
				CLANG_WARN_DIRECT_OBJC_ISA_USAGE = YES_ERROR;
				CLANG_WARN_DOCUMENTATION_COMMENTS = YES;
				CLANG_WARN_EMPTY_BODY = YES;
				CLANG_WARN_ENUM_CONVERSION = YES;
				CLANG_WARN_INFINITE_RECURSION = YES;
				CLANG_WARN_INT_CONVERSION = YES;
				CLANG_WARN_NON_LITERAL_NULL_CONVERSION = YES;
				CLANG_WARN_OBJC_IMPLICIT_RETAIN_SELF = YES;
				CLANG_WARN_OBJC_LITERAL_CONVERSION = YES;
				CLANG_WARN_OBJC_ROOT_CLASS = YES_ERROR;
				CLANG_WARN_QUOTED_INCLUDE_IN_FRAMEWORK_HEADER = YES;
				CLANG_WARN_RANGE_LOOP_ANALYSIS = YES;
				CLANG_WARN_STRICT_PROTOTYPES = YES;
				CLANG_WARN_SUSPICIOUS_MOVE = YES;
				CLANG_WARN_UNGUARDED_AVAILABILITY = YES_AGGRESSIVE;
				CLANG_WARN_UNREACHABLE_CODE = YES;
				CLANG_WARN__DUPLICATE_METHOD_MATCH = YES;
				COPY_PHASE_STRIP = NO;
				DEBUG_INFORMATION_FORMAT = "dwarf-with-dsym";
				ENABLE_NS_ASSERTIONS = NO;
				ENABLE_STRICT_OBJC_MSGSEND = YES;
				ENABLE_USER_SCRIPT_SANDBOXING = YES;
				GCC_C_LANGUAGE_STANDARD = gnu17;
				GCC_NO_COMMON_BLOCKS = YES;
				GCC_WARN_64_TO_32_BIT_CONVERSION = YES;
				GCC_WARN_ABOUT_RETURN_TYPE = YES_ERROR;
				GCC_WARN_UNDECLARED_SELECTOR = YES;
				GCC_WARN_UNINITIALIZED_AUTOS = YES_AGGRESSIVE;
				GCC_WARN_UNUSED_FUNCTION = YES;
				GCC_WARN_UNUSED_VARIABLE = YES;
				IPHONEOS_DEPLOYMENT_TARGET = 17.0;
				LOCALIZATION_PREFERS_STRING_CATALOGS = YES;
				MTL_ENABLE_DEBUG_INFO = NO;
				MTL_FAST_MATH = YES;
				SDKROOT = iphoneos;
				SWIFT_COMPILATION_MODE = wholemodule;
				VALIDATE_PRODUCT = YES;
			};
			name = Release;
		};
		6A4B45412B1FFBF60026E691 /* Debug */ = {
			isa = XCBuildConfiguration;
			buildSettings = {
				ASSETCATALOG_COMPILER_APPICON_NAME = AppIcon;
				ASSETCATALOG_COMPILER_GLOBAL_ACCENT_COLOR_NAME = AccentColor;
				CODE_SIGN_STYLE = Automatic;
				CURRENT_PROJECT_VERSION = 1;
				DEVELOPMENT_ASSET_PATHS = "\"Flex/Preview Content\"";
				DEVELOPMENT_TEAM = 929R8J2JW9;
				ENABLE_PREVIEWS = YES;
				GENERATE_INFOPLIST_FILE = YES;
				INFOPLIST_KEY_UIApplicationSceneManifest_Generation = YES;
				INFOPLIST_KEY_UIApplicationSupportsIndirectInputEvents = YES;
				INFOPLIST_KEY_UILaunchScreen_Generation = YES;
				INFOPLIST_KEY_UISupportedInterfaceOrientations_iPad = "UIInterfaceOrientationPortrait UIInterfaceOrientationPortraitUpsideDown UIInterfaceOrientationLandscapeLeft UIInterfaceOrientationLandscapeRight";
				INFOPLIST_KEY_UISupportedInterfaceOrientations_iPhone = "UIInterfaceOrientationPortrait UIInterfaceOrientationLandscapeLeft UIInterfaceOrientationLandscapeRight";
				LD_RUNPATH_SEARCH_PATHS = (
					"$(inherited)",
					"@executable_path/Frameworks",
				);
				MARKETING_VERSION = 1.0;
				PRODUCT_BUNDLE_IDENTIFIER = ca.mattdunn.Flex;
				PRODUCT_NAME = "$(TARGET_NAME)";
				SWIFT_EMIT_LOC_STRINGS = YES;
				SWIFT_VERSION = 5.0;
				TARGETED_DEVICE_FAMILY = "1,2";
			};
			name = Debug;
		};
		6A4B45422B1FFBF60026E691 /* Release */ = {
			isa = XCBuildConfiguration;
			buildSettings = {
				ASSETCATALOG_COMPILER_APPICON_NAME = AppIcon;
				ASSETCATALOG_COMPILER_GLOBAL_ACCENT_COLOR_NAME = AccentColor;
				CODE_SIGN_STYLE = Automatic;
				CURRENT_PROJECT_VERSION = 1;
				DEVELOPMENT_ASSET_PATHS = "\"Flex/Preview Content\"";
				DEVELOPMENT_TEAM = 929R8J2JW9;
				ENABLE_PREVIEWS = YES;
				GENERATE_INFOPLIST_FILE = YES;
				INFOPLIST_KEY_UIApplicationSceneManifest_Generation = YES;
				INFOPLIST_KEY_UIApplicationSupportsIndirectInputEvents = YES;
				INFOPLIST_KEY_UILaunchScreen_Generation = YES;
				INFOPLIST_KEY_UISupportedInterfaceOrientations_iPad = "UIInterfaceOrientationPortrait UIInterfaceOrientationPortraitUpsideDown UIInterfaceOrientationLandscapeLeft UIInterfaceOrientationLandscapeRight";
				INFOPLIST_KEY_UISupportedInterfaceOrientations_iPhone = "UIInterfaceOrientationPortrait UIInterfaceOrientationLandscapeLeft UIInterfaceOrientationLandscapeRight";
				LD_RUNPATH_SEARCH_PATHS = (
					"$(inherited)",
					"@executable_path/Frameworks",
				);
				MARKETING_VERSION = 1.0;
				PRODUCT_BUNDLE_IDENTIFIER = ca.mattdunn.Flex;
				PRODUCT_NAME = "$(TARGET_NAME)";
				SWIFT_EMIT_LOC_STRINGS = YES;
				SWIFT_VERSION = 5.0;
				TARGETED_DEVICE_FAMILY = "1,2";
			};
			name = Release;
		};
		6A4B45442B1FFBF60026E691 /* Debug */ = {
			isa = XCBuildConfiguration;
			buildSettings = {
				ALWAYS_EMBED_SWIFT_STANDARD_LIBRARIES = YES;
				BUNDLE_LOADER = "$(TEST_HOST)";
				CODE_SIGN_STYLE = Automatic;
				CURRENT_PROJECT_VERSION = 1;
				DEVELOPMENT_TEAM = 929R8J2JW9;
				GENERATE_INFOPLIST_FILE = YES;
				IPHONEOS_DEPLOYMENT_TARGET = 17.0;
				MARKETING_VERSION = 1.0;
				PRODUCT_BUNDLE_IDENTIFIER = ca.mattdunn.FlexTests;
				PRODUCT_NAME = "$(TARGET_NAME)";
				SWIFT_EMIT_LOC_STRINGS = NO;
				SWIFT_VERSION = 5.0;
				TARGETED_DEVICE_FAMILY = "1,2";
				TEST_HOST = "$(BUILT_PRODUCTS_DIR)/Flex.app/$(BUNDLE_EXECUTABLE_FOLDER_PATH)/Flex";
			};
			name = Debug;
		};
		6A4B45452B1FFBF60026E691 /* Release */ = {
			isa = XCBuildConfiguration;
			buildSettings = {
				ALWAYS_EMBED_SWIFT_STANDARD_LIBRARIES = YES;
				BUNDLE_LOADER = "$(TEST_HOST)";
				CODE_SIGN_STYLE = Automatic;
				CURRENT_PROJECT_VERSION = 1;
				DEVELOPMENT_TEAM = 929R8J2JW9;
				GENERATE_INFOPLIST_FILE = YES;
				IPHONEOS_DEPLOYMENT_TARGET = 17.0;
				MARKETING_VERSION = 1.0;
				PRODUCT_BUNDLE_IDENTIFIER = ca.mattdunn.FlexTests;
				PRODUCT_NAME = "$(TARGET_NAME)";
				SWIFT_EMIT_LOC_STRINGS = NO;
				SWIFT_VERSION = 5.0;
				TARGETED_DEVICE_FAMILY = "1,2";
				TEST_HOST = "$(BUILT_PRODUCTS_DIR)/Flex.app/$(BUNDLE_EXECUTABLE_FOLDER_PATH)/Flex";
			};
			name = Release;
		};
		6A4B45472B1FFBF60026E691 /* Debug */ = {
			isa = XCBuildConfiguration;
			buildSettings = {
				ALWAYS_EMBED_SWIFT_STANDARD_LIBRARIES = YES;
				CODE_SIGN_STYLE = Automatic;
				CURRENT_PROJECT_VERSION = 1;
				DEVELOPMENT_TEAM = 929R8J2JW9;
				GENERATE_INFOPLIST_FILE = YES;
				MARKETING_VERSION = 1.0;
				PRODUCT_BUNDLE_IDENTIFIER = ca.mattdunn.FlexUITests;
				PRODUCT_NAME = "$(TARGET_NAME)";
				SWIFT_EMIT_LOC_STRINGS = NO;
				SWIFT_VERSION = 5.0;
				TARGETED_DEVICE_FAMILY = "1,2";
				TEST_TARGET_NAME = Flex;
			};
			name = Debug;
		};
		6A4B45482B1FFBF60026E691 /* Release */ = {
			isa = XCBuildConfiguration;
			buildSettings = {
				ALWAYS_EMBED_SWIFT_STANDARD_LIBRARIES = YES;
				CODE_SIGN_STYLE = Automatic;
				CURRENT_PROJECT_VERSION = 1;
				DEVELOPMENT_TEAM = 929R8J2JW9;
				GENERATE_INFOPLIST_FILE = YES;
				MARKETING_VERSION = 1.0;
				PRODUCT_BUNDLE_IDENTIFIER = ca.mattdunn.FlexUITests;
				PRODUCT_NAME = "$(TARGET_NAME)";
				SWIFT_EMIT_LOC_STRINGS = NO;
				SWIFT_VERSION = 5.0;
				TARGETED_DEVICE_FAMILY = "1,2";
				TEST_TARGET_NAME = Flex;
			};
			name = Release;
		};
/* End XCBuildConfiguration section */

/* Begin XCConfigurationList section */
		6A4B45152B1FFBF40026E691 /* Build configuration list for PBXProject "Flex" */ = {
			isa = XCConfigurationList;
			buildConfigurations = (
				6A4B453E2B1FFBF60026E691 /* Debug */,
				6A4B453F2B1FFBF60026E691 /* Release */,
			);
			defaultConfigurationIsVisible = 0;
			defaultConfigurationName = Release;
		};
		6A4B45402B1FFBF60026E691 /* Build configuration list for PBXNativeTarget "Flex" */ = {
			isa = XCConfigurationList;
			buildConfigurations = (
				6A4B45412B1FFBF60026E691 /* Debug */,
				6A4B45422B1FFBF60026E691 /* Release */,
			);
			defaultConfigurationIsVisible = 0;
			defaultConfigurationName = Release;
		};
		6A4B45432B1FFBF60026E691 /* Build configuration list for PBXNativeTarget "FlexTests" */ = {
			isa = XCConfigurationList;
			buildConfigurations = (
				6A4B45442B1FFBF60026E691 /* Debug */,
				6A4B45452B1FFBF60026E691 /* Release */,
			);
			defaultConfigurationIsVisible = 0;
			defaultConfigurationName = Release;
		};
		6A4B45462B1FFBF60026E691 /* Build configuration list for PBXNativeTarget "FlexUITests" */ = {
			isa = XCConfigurationList;
			buildConfigurations = (
				6A4B45472B1FFBF60026E691 /* Debug */,
				6A4B45482B1FFBF60026E691 /* Release */,
			);
			defaultConfigurationIsVisible = 0;
			defaultConfigurationName = Release;
		};
/* End XCConfigurationList section */
	};
	rootObject = 6A4B45122B1FFBF40026E691 /* Project object */;
}
